{
  "requires": true,
  "lockfileVersion": 1,
  "dependencies": {
    "rxjs-compat": {
      "version": "6.5.4",
      "resolved": "https://registry.npmjs.org/rxjs-compat/-/rxjs-compat-6.5.4.tgz",
      "integrity": "sha512-rkn+lbOHUQOurdd74J/hjmDsG9nFx0z66fvnbs8M95nrtKvNqCKdk7iZqdY51CGmDemTQk+kUPy4s8HVOHtkfA=="
    }
  }
}
